
Microsoft Visual Studio Solution File, Format Version 12.00
# Visual Studio Version 17
VisualStudioVersion = 17.13.36105.23
MinimumVisualStudioVersion = 10.0.40219.1
Project("{FAE04EC0-301F-11D3-BF4B-00C04F79EFBC}") = "CRUDExample", "CRUDExample\CRUDExample.csproj", "{C4AE354F-8680-47EC-8AB9-AD53F4435315}"
EndProject
Project("{FAE04EC0-301F-11D3-BF4B-00C04F79EFBC}") = "CrudTest", "CrudTest\CrudTest.csproj", "{955E40F2-63F5-4510-809D-1CB2F2D40C62}"
EndProject
Project("{FAE04EC0-301F-11D3-BF4B-00C04F79EFBC}") = "Entity", "Entity\Entity.csproj", "{51348C00-4B6F-42C7-B344-9FAEDFE633D8}"
EndProject
Project("{FAE04EC0-301F-11D3-BF4B-00C04F79EFBC}") = "ServiceContract", "ServiceContract\ServiceContract.csproj", "{0A8E6661-5E2E-48BA-8F48-28C154CDFD4E}"
EndProject
Project("{FAE04EC0-301F-11D3-BF4B-00C04F79EFBC}") = "Services", "CountriesService\Services.csproj", "{10428DEC-A247-4B10-A35A-EDB3404C6F81}"
EndProject
Project("{FAE04EC0-301F-11D3-BF4B-00C04F79EFBC}") = "RepositoryContract", "RepositoryContract\RepositoryContract.csproj", "{16DF6D57-927C-457E-9726-A3A7BBEF8DFF}"
EndProject
Project("{FAE04EC0-301F-11D3-BF4B-00C04F79EFBC}") = "Repository", "Repository\Repository.csproj", "{FC1458D5-2F98-43D8-B6DA-5B15C419A713}"
EndProject
Project("{FAE04EC0-301F-11D3-BF4B-00C04F79EFBC}") = "Exceptions", "Exceptions\Exceptions.csproj", "{89CAAE8F-33C6-47DE-836C-7E095A71AA00}"
EndProject
Global
	GlobalSection(SolutionConfigurationPlatforms) = preSolution
		Debug|Any CPU = Debug|Any CPU
		Release|Any CPU = Release|Any CPU
	EndGlobalSection
	GlobalSection(ProjectConfigurationPlatforms) = postSolution
		{C4AE354F-8680-47EC-8AB9-AD53F4435315}.Debug|Any CPU.ActiveCfg = Debug|Any CPU
		{C4AE354F-8680-47EC-8AB9-AD53F4435315}.Debug|Any CPU.Build.0 = Debug|Any CPU
		{C4AE354F-8680-47EC-8AB9-AD53F4435315}.Release|Any CPU.ActiveCfg = Release|Any CPU
		{C4AE354F-8680-47EC-8AB9-AD53F4435315}.Release|Any CPU.Build.0 = Release|Any CPU
		{955E40F2-63F5-4510-809D-1CB2F2D40C62}.Debug|Any CPU.ActiveCfg = Debug|Any CPU
		{955E40F2-63F5-4510-809D-1CB2F2D40C62}.Debug|Any CPU.Build.0 = Debug|Any CPU
		{955E40F2-63F5-4510-809D-1CB2F2D40C62}.Release|Any CPU.ActiveCfg = Release|Any CPU
		{955E40F2-63F5-4510-809D-1CB2F2D40C62}.Release|Any CPU.Build.0 = Release|Any CPU
		{51348C00-4B6F-42C7-B344-9FAEDFE633D8}.Debug|Any CPU.ActiveCfg = Debug|Any CPU
		{51348C00-4B6F-42C7-B344-9FAEDFE633D8}.Debug|Any CPU.Build.0 = Debug|Any CPU
		{51348C00-4B6F-42C7-B344-9FAEDFE633D8}.Release|Any CPU.ActiveCfg = Release|Any CPU
		{51348C00-4B6F-42C7-B344-9FAEDFE633D8}.Release|Any CPU.Build.0 = Release|Any CPU
		{0A8E6661-5E2E-48BA-8F48-28C154CDFD4E}.Debug|Any CPU.ActiveCfg = Debug|Any CPU
		{0A8E6661-5E2E-48BA-8F48-28C154CDFD4E}.Debug|Any CPU.Build.0 = Debug|Any CPU
		{0A8E6661-5E2E-48BA-8F48-28C154CDFD4E}.Release|Any CPU.ActiveCfg = Release|Any CPU
		{0A8E6661-5E2E-48BA-8F48-28C154CDFD4E}.Release|Any CPU.Build.0 = Release|Any CPU
		{10428DEC-A247-4B10-A35A-EDB3404C6F81}.Debug|Any CPU.ActiveCfg = Debug|Any CPU
		{10428DEC-A247-4B10-A35A-EDB3404C6F81}.Debug|Any CPU.Build.0 = Debug|Any CPU
		{10428DEC-A247-4B10-A35A-EDB3404C6F81}.Release|Any CPU.ActiveCfg = Release|Any CPU
		{10428DEC-A247-4B10-A35A-EDB3404C6F81}.Release|Any CPU.Build.0 = Release|Any CPU
		{16DF6D57-927C-457E-9726-A3A7BBEF8DFF}.Debug|Any CPU.ActiveCfg = Debug|Any CPU
		{16DF6D57-927C-457E-9726-A3A7BBEF8DFF}.Debug|Any CPU.Build.0 = Debug|Any CPU
		{16DF6D57-927C-457E-9726-A3A7BBEF8DFF}.Release|Any CPU.ActiveCfg = Release|Any CPU
		{16DF6D57-927C-457E-9726-A3A7BBEF8DFF}.Release|Any CPU.Build.0 = Release|Any CPU
		{FC1458D5-2F98-43D8-B6DA-5B15C419A713}.Debug|Any CPU.ActiveCfg = Debug|Any CPU
		{FC1458D5-2F98-43D8-B6DA-5B15C419A713}.Debug|Any CPU.Build.0 = Debug|Any CPU
		{FC1458D5-2F98-43D8-B6DA-5B15C419A713}.Release|Any CPU.ActiveCfg = Release|Any CPU
		{FC1458D5-2F98-43D8-B6DA-5B15C419A713}.Release|Any CPU.Build.0 = Release|Any CPU
		{89CAAE8F-33C6-47DE-836C-7E095A71AA00}.Debug|Any CPU.ActiveCfg = Debug|Any CPU
		{89CAAE8F-33C6-47DE-836C-7E095A71AA00}.Debug|Any CPU.Build.0 = Debug|Any CPU
		{89CAAE8F-33C6-47DE-836C-7E095A71AA00}.Release|Any CPU.ActiveCfg = Release|Any CPU
		{89CAAE8F-33C6-47DE-836C-7E095A71AA00}.Release|Any CPU.Build.0 = Release|Any CPU
	EndGlobalSection
	GlobalSection(SolutionProperties) = preSolution
		HideSolutionNode = FALSE
	EndGlobalSection
	GlobalSection(ExtensibilityGlobals) = postSolution
		SolutionGuid = {41DD6096-A59A-44E9-B2DF-22E8C3310E71}
	EndGlobalSection
EndGlobal
